github.com/aryann/difflib v0.0.0-20170710044230-e206f873d14a/go.mod h1:DAHtR1m6lCRdSC2Tm3DSWRPvIPr6xNKyeHdqDQSQT+A=
github.com/urfave/cli v1.20.0 h1:fDqGv3UG/4jbVl/QkFwEdddtEDjh/5Ov6X+0B/3bPaw=
github.com/urfave/cli v1.20.0/go.mod h1:70zkFmudgCuE/ngEzBv17Jvp/497gISqfk5gWijbERA=
github.com/urfave/cli v1.20.1-0.20190203184040-693af58b4d51 h1:9BPDfnoHp4nfdJvTcgc5nHV8Wh9gRJwH4xNylDIiAbQ=
github.com/urfave/cli v1.20.1-0.20190203184040-693af58b4d51/go.mod h1:70zkFmudgCuE/ngEzBv17Jvp/497gISqfk5gWijbERA=
