github.com/aryann/difflib v0.0.0-20170710044230-e206f873d14a h1:pv34s756C4pEXnjgPfGYgdhg/ZdajGhyOvzx8k+23nw=
github.com/aryann/difflib v0.0.0-20170710044230-e206f873d14a/go.mod h1:DAHtR1m6lCRdSC2Tm3DSWRPvIPr6xNKyeHdqDQSQT+A=
github.com/codegangsta/cli v1.20.0 h1:iX1FXEgwzd5+XN6wk5cVHOGQj6Q3Dcp20lUeS4lHNTw=
github.com/codegangsta/cli v1.20.0/go.mod h1:/qJNoX69yVSKu5o4jLyXAENLRyk1uhi7zkbQ3slBdOA=
